
Microsoft Visual Studio Solution File, Format Version 12.00
# Visual Studio Version 17
VisualStudioVersion = 17.0.31825.309
MinimumVisualStudioVersion = 10.0.40219.1
Project("{2150E333-8FDC-42A3-9474-1A3956D46DE8}") = "Solution Items", "Solution Items", "{E0DD48F1-F2B4-49BF-BD43-D95A7EDD307F}"
	ProjectSection(SolutionItems) = preProject
		.editorconfig = .editorconfig
		directory.build.props = directory.build.props
	EndProjectSection
EndProject
Project("{2150E333-8FDC-42A3-9474-1A3956D46DE8}") = "src", "src", "{3EE80FF4-763D-4164-A53D-88D6297D3643}"
EndProject
Project("{2150E333-8FDC-42A3-9474-1A3956D46DE8}") = "tests", "tests", "{6A9F40E6-4F21-412E-9294-34FFA507365B}"
EndProject
Project("{9A19103F-16F7-4668-BE54-9A1E7A4F7556}") = "Inventory.Api", "Inventory.Api\Inventory.Api.csproj", "{059E13A9-54D7-468B-9834-30170675BC01}"
EndProject
Project("{9A19103F-16F7-4668-BE54-9A1E7A4F7556}") = "Inventory.Api.Sdk", "Inventory.Api.Sdk\Inventory.Api.Sdk.csproj", "{0C3A00C3-21FE-49A9-974B-9E3C289CF7C7}"
EndProject
Project("{9A19103F-16F7-4668-BE54-9A1E7A4F7556}") = "Inventory.Infastructure", "Inventory.Infastructure\Inventory.Infastructure.csproj", "{72E55C78-E086-4431-AD00-70E061F7BF01}"
EndProject
Project("{9A19103F-16F7-4668-BE54-9A1E7A4F7556}") = "Inventory.Domain", "Inventory.Domain\Inventory.Domain.csproj", "{2C1C3F75-142E-478E-A321-2DDD217821EF}"
EndProject
Project("{9A19103F-16F7-4668-BE54-9A1E7A4F7556}") = "Inventory.Api.UnitTests", "Inventory.Api.Tests\Inventory.Api.UnitTests.csproj", "{9F507E00-248B-4ED0-9ED8-339CABE0F2B1}"
EndProject
Global
	GlobalSection(SolutionConfigurationPlatforms) = preSolution
		Debug|Any CPU = Debug|Any CPU
		Release|Any CPU = Release|Any CPU
	EndGlobalSection
	GlobalSection(ProjectConfigurationPlatforms) = postSolution
		{0C3A00C3-21FE-49A9-974B-9E3C289CF7C7}.Debug|Any CPU.ActiveCfg = Debug|Any CPU
		{0C3A00C3-21FE-49A9-974B-9E3C289CF7C7}.Debug|Any CPU.Build.0 = Debug|Any CPU
		{0C3A00C3-21FE-49A9-974B-9E3C289CF7C7}.Release|Any CPU.ActiveCfg = Release|Any CPU
		{0C3A00C3-21FE-49A9-974B-9E3C289CF7C7}.Release|Any CPU.Build.0 = Release|Any CPU
		{059E13A9-54D7-468B-9834-30170675BC01}.Debug|Any CPU.ActiveCfg = Debug|Any CPU
		{059E13A9-54D7-468B-9834-30170675BC01}.Debug|Any CPU.Build.0 = Debug|Any CPU
		{059E13A9-54D7-468B-9834-30170675BC01}.Release|Any CPU.ActiveCfg = Release|Any CPU
		{059E13A9-54D7-468B-9834-30170675BC01}.Release|Any CPU.Build.0 = Release|Any CPU
		{72E55C78-E086-4431-AD00-70E061F7BF01}.Debug|Any CPU.ActiveCfg = Debug|Any CPU
		{72E55C78-E086-4431-AD00-70E061F7BF01}.Debug|Any CPU.Build.0 = Debug|Any CPU
		{72E55C78-E086-4431-AD00-70E061F7BF01}.Release|Any CPU.ActiveCfg = Release|Any CPU
		{72E55C78-E086-4431-AD00-70E061F7BF01}.Release|Any CPU.Build.0 = Release|Any CPU
		{2C1C3F75-142E-478E-A321-2DDD217821EF}.Debug|Any CPU.ActiveCfg = Debug|Any CPU
		{2C1C3F75-142E-478E-A321-2DDD217821EF}.Debug|Any CPU.Build.0 = Debug|Any CPU
		{2C1C3F75-142E-478E-A321-2DDD217821EF}.Release|Any CPU.ActiveCfg = Release|Any CPU
		{2C1C3F75-142E-478E-A321-2DDD217821EF}.Release|Any CPU.Build.0 = Release|Any CPU
		{9F507E00-248B-4ED0-9ED8-339CABE0F2B1}.Debug|Any CPU.ActiveCfg = Debug|Any CPU
		{9F507E00-248B-4ED0-9ED8-339CABE0F2B1}.Debug|Any CPU.Build.0 = Debug|Any CPU
		{9F507E00-248B-4ED0-9ED8-339CABE0F2B1}.Release|Any CPU.ActiveCfg = Release|Any CPU
		{9F507E00-248B-4ED0-9ED8-339CABE0F2B1}.Release|Any CPU.Build.0 = Release|Any CPU
	EndGlobalSection
	GlobalSection(SolutionProperties) = preSolution
		HideSolutionNode = FALSE
	EndGlobalSection
	GlobalSection(NestedProjects) = preSolution
		{0C3A00C3-21FE-49A9-974B-9E3C289CF7C7} = {3EE80FF4-763D-4164-A53D-88D6297D3643}
		{059E13A9-54D7-468B-9834-30170675BC01} = {3EE80FF4-763D-4164-A53D-88D6297D3643}
		{72E55C78-E086-4431-AD00-70E061F7BF01} = {3EE80FF4-763D-4164-A53D-88D6297D3643}
		{2C1C3F75-142E-478E-A321-2DDD217821EF} = {3EE80FF4-763D-4164-A53D-88D6297D3643}
		{9F507E00-248B-4ED0-9ED8-339CABE0F2B1} = {6A9F40E6-4F21-412E-9294-34FFA507365B}
	EndGlobalSection
	GlobalSection(ExtensibilityGlobals) = postSolution
		SolutionGuid = {6EE5C44D-2CB8-43DC-BF06-A8D3ECD42F74}
	EndGlobalSection
EndGlobal
