
Microsoft Visual Studio Solution File, Format Version 12.00
# Visual Studio Version 17
VisualStudioVersion = 17.0.31825.309
MinimumVisualStudioVersion = 10.0.40219.1
Project("{9A19103F-16F7-4668-BE54-9A1E7A4F7556}") = "Inventory.Models", "Inventory.Models\Inventory.Models.csproj", "{EBE070E8-943E-4B73-BCBB-C587693227B5}"
EndProject
Project("{9A19103F-16F7-4668-BE54-9A1E7A4F7556}") = "Inventory.Data.InMemory", "Inventory.Data.InMemory\Inventory.Data.InMemory.csproj", "{9ABE90D9-BFFF-4BAB-AE68-2859C620FEFA}"
EndProject
Project("{9A19103F-16F7-4668-BE54-9A1E7A4F7556}") = "Inventory.Data.Models", "Inventory.Data.Models\Inventory.Data.Models.csproj", "{E2AFCFE1-A01D-4812-8523-0190F603F394}"
EndProject
Project("{9A19103F-16F7-4668-BE54-9A1E7A4F7556}") = "Inventory.Repositories", "Inventory.Repositories\Inventory.Repositories.csproj", "{20BA3C90-869C-4E93-AAA8-319074D60927}"
EndProject
Project("{9A19103F-16F7-4668-BE54-9A1E7A4F7556}") = "Inventory.Repositories.Abstractions", "Inventory.Repositories.Abstractions\Inventory.Repositories.Abstractions.csproj", "{79CE6BC4-6B0F-4489-8705-8C6F1E18FB0F}"
EndProject
Project("{9A19103F-16F7-4668-BE54-9A1E7A4F7556}") = "Inventory.ApiClient", "Inventory.ApiClient\Inventory.ApiClient.csproj", "{0C3A00C3-21FE-49A9-974B-9E3C289CF7C7}"
EndProject
Project("{2150E333-8FDC-42A3-9474-1A3956D46DE8}") = "Solution Items", "Solution Items", "{E0DD48F1-F2B4-49BF-BD43-D95A7EDD307F}"
	ProjectSection(SolutionItems) = preProject
		.editorconfig = .editorconfig
	EndProjectSection
EndProject
Project("{2150E333-8FDC-42A3-9474-1A3956D46DE8}") = "src", "src", "{3EE80FF4-763D-4164-A53D-88D6297D3643}"
EndProject
Project("{2150E333-8FDC-42A3-9474-1A3956D46DE8}") = "tests", "tests", "{6A9F40E6-4F21-412E-9294-34FFA507365B}"
EndProject
Project("{9A19103F-16F7-4668-BE54-9A1E7A4F7556}") = "InventoryService.Repositories.Tests", "Inventory.Repositories.Tests\InventoryService.Repositories.Tests.csproj", "{D91193B5-0E5B-4877-A7D6-6740271AD488}"
EndProject
Project("{9A19103F-16F7-4668-BE54-9A1E7A4F7556}") = "Inventory", "Inventory\Inventory.csproj", "{059E13A9-54D7-468B-9834-30170675BC01}"
EndProject
Project("{9A19103F-16F7-4668-BE54-9A1E7A4F7556}") = "Inventory.Data.Abstractions", "Inventory.Data.Abstractions\Inventory.Data.Abstractions.csproj", "{0FC0B54C-C522-46CD-8D89-DF2CA59C6323}"
EndProject
Global
	GlobalSection(SolutionConfigurationPlatforms) = preSolution
		Debug|Any CPU = Debug|Any CPU
		Release|Any CPU = Release|Any CPU
	EndGlobalSection
	GlobalSection(ProjectConfigurationPlatforms) = postSolution
		{EBE070E8-943E-4B73-BCBB-C587693227B5}.Debug|Any CPU.ActiveCfg = Debug|Any CPU
		{EBE070E8-943E-4B73-BCBB-C587693227B5}.Debug|Any CPU.Build.0 = Debug|Any CPU
		{EBE070E8-943E-4B73-BCBB-C587693227B5}.Release|Any CPU.ActiveCfg = Release|Any CPU
		{EBE070E8-943E-4B73-BCBB-C587693227B5}.Release|Any CPU.Build.0 = Release|Any CPU
		{9ABE90D9-BFFF-4BAB-AE68-2859C620FEFA}.Debug|Any CPU.ActiveCfg = Debug|Any CPU
		{9ABE90D9-BFFF-4BAB-AE68-2859C620FEFA}.Debug|Any CPU.Build.0 = Debug|Any CPU
		{9ABE90D9-BFFF-4BAB-AE68-2859C620FEFA}.Release|Any CPU.ActiveCfg = Release|Any CPU
		{9ABE90D9-BFFF-4BAB-AE68-2859C620FEFA}.Release|Any CPU.Build.0 = Release|Any CPU
		{E2AFCFE1-A01D-4812-8523-0190F603F394}.Debug|Any CPU.ActiveCfg = Debug|Any CPU
		{E2AFCFE1-A01D-4812-8523-0190F603F394}.Debug|Any CPU.Build.0 = Debug|Any CPU
		{E2AFCFE1-A01D-4812-8523-0190F603F394}.Release|Any CPU.ActiveCfg = Release|Any CPU
		{E2AFCFE1-A01D-4812-8523-0190F603F394}.Release|Any CPU.Build.0 = Release|Any CPU
		{20BA3C90-869C-4E93-AAA8-319074D60927}.Debug|Any CPU.ActiveCfg = Debug|Any CPU
		{20BA3C90-869C-4E93-AAA8-319074D60927}.Debug|Any CPU.Build.0 = Debug|Any CPU
		{20BA3C90-869C-4E93-AAA8-319074D60927}.Release|Any CPU.ActiveCfg = Release|Any CPU
		{20BA3C90-869C-4E93-AAA8-319074D60927}.Release|Any CPU.Build.0 = Release|Any CPU
		{79CE6BC4-6B0F-4489-8705-8C6F1E18FB0F}.Debug|Any CPU.ActiveCfg = Debug|Any CPU
		{79CE6BC4-6B0F-4489-8705-8C6F1E18FB0F}.Debug|Any CPU.Build.0 = Debug|Any CPU
		{79CE6BC4-6B0F-4489-8705-8C6F1E18FB0F}.Release|Any CPU.ActiveCfg = Release|Any CPU
		{79CE6BC4-6B0F-4489-8705-8C6F1E18FB0F}.Release|Any CPU.Build.0 = Release|Any CPU
		{0C3A00C3-21FE-49A9-974B-9E3C289CF7C7}.Debug|Any CPU.ActiveCfg = Debug|Any CPU
		{0C3A00C3-21FE-49A9-974B-9E3C289CF7C7}.Debug|Any CPU.Build.0 = Debug|Any CPU
		{0C3A00C3-21FE-49A9-974B-9E3C289CF7C7}.Release|Any CPU.ActiveCfg = Release|Any CPU
		{0C3A00C3-21FE-49A9-974B-9E3C289CF7C7}.Release|Any CPU.Build.0 = Release|Any CPU
		{D91193B5-0E5B-4877-A7D6-6740271AD488}.Debug|Any CPU.ActiveCfg = Debug|Any CPU
		{D91193B5-0E5B-4877-A7D6-6740271AD488}.Debug|Any CPU.Build.0 = Debug|Any CPU
		{D91193B5-0E5B-4877-A7D6-6740271AD488}.Release|Any CPU.ActiveCfg = Release|Any CPU
		{D91193B5-0E5B-4877-A7D6-6740271AD488}.Release|Any CPU.Build.0 = Release|Any CPU
		{059E13A9-54D7-468B-9834-30170675BC01}.Debug|Any CPU.ActiveCfg = Debug|Any CPU
		{059E13A9-54D7-468B-9834-30170675BC01}.Debug|Any CPU.Build.0 = Debug|Any CPU
		{059E13A9-54D7-468B-9834-30170675BC01}.Release|Any CPU.ActiveCfg = Release|Any CPU
		{059E13A9-54D7-468B-9834-30170675BC01}.Release|Any CPU.Build.0 = Release|Any CPU
		{0FC0B54C-C522-46CD-8D89-DF2CA59C6323}.Debug|Any CPU.ActiveCfg = Debug|Any CPU
		{0FC0B54C-C522-46CD-8D89-DF2CA59C6323}.Debug|Any CPU.Build.0 = Debug|Any CPU
		{0FC0B54C-C522-46CD-8D89-DF2CA59C6323}.Release|Any CPU.ActiveCfg = Release|Any CPU
		{0FC0B54C-C522-46CD-8D89-DF2CA59C6323}.Release|Any CPU.Build.0 = Release|Any CPU
	EndGlobalSection
	GlobalSection(SolutionProperties) = preSolution
		HideSolutionNode = FALSE
	EndGlobalSection
	GlobalSection(NestedProjects) = preSolution
		{EBE070E8-943E-4B73-BCBB-C587693227B5} = {3EE80FF4-763D-4164-A53D-88D6297D3643}
		{9ABE90D9-BFFF-4BAB-AE68-2859C620FEFA} = {3EE80FF4-763D-4164-A53D-88D6297D3643}
		{E2AFCFE1-A01D-4812-8523-0190F603F394} = {3EE80FF4-763D-4164-A53D-88D6297D3643}
		{20BA3C90-869C-4E93-AAA8-319074D60927} = {3EE80FF4-763D-4164-A53D-88D6297D3643}
		{79CE6BC4-6B0F-4489-8705-8C6F1E18FB0F} = {3EE80FF4-763D-4164-A53D-88D6297D3643}
		{0C3A00C3-21FE-49A9-974B-9E3C289CF7C7} = {3EE80FF4-763D-4164-A53D-88D6297D3643}
		{D91193B5-0E5B-4877-A7D6-6740271AD488} = {6A9F40E6-4F21-412E-9294-34FFA507365B}
		{059E13A9-54D7-468B-9834-30170675BC01} = {3EE80FF4-763D-4164-A53D-88D6297D3643}
		{0FC0B54C-C522-46CD-8D89-DF2CA59C6323} = {3EE80FF4-763D-4164-A53D-88D6297D3643}
	EndGlobalSection
	GlobalSection(ExtensibilityGlobals) = postSolution
		SolutionGuid = {6EE5C44D-2CB8-43DC-BF06-A8D3ECD42F74}
	EndGlobalSection
EndGlobal
